// !$*UTF8*$!
{
	archiveVersion = 1;
	classes = {
	};
	objectVersion = 50;
	objects = {

/* Begin PBXBuildFile section */
		58DE55C323375BBE0041C73D /* AppDelegate.swift in Sources */ = {isa = PBXBuildFile; fileRef = 58DE55C223375BBE0041C73D /* AppDelegate.swift */; };
		58DE55C523375BBE0041C73D /* SceneDelegate.swift in Sources */ = {isa = PBXBuildFile; fileRef = 58DE55C423375BBE0041C73D /* SceneDelegate.swift */; };
		58DE55C723375BBE0041C73D /* ViewController.swift in Sources */ = {isa = PBXBuildFile; fileRef = 58DE55C623375BBE0041C73D /* ViewController.swift */; };
		58DE55CA23375BBE0041C73D /* Main.storyboard in Resources */ = {isa = PBXBuildFile; fileRef = 58DE55C823375BBE0041C73D /* Main.storyboard */; };
		58DE55CC23375BBF0041C73D /* Assets.xcassets in Resources */ = {isa = PBXBuildFile; fileRef = 58DE55CB23375BBF0041C73D /* Assets.xcassets */; };
		58DE55CF23375BBF0041C73D /* LaunchScreen.storyboard in Resources */ = {isa = PBXBuildFile; fileRef = 58DE55CD23375BBF0041C73D /* LaunchScreen.storyboard */; };
/* End PBXBuildFile section */

/* Begin PBXFileReference section */
		58DE55BF23375BBE0041C73D /* AnimationTabCiewControllerDemo.app */ = {isa = PBXFileReference; explicitFileType = wrapper.application; includeInIndex = 0; path = AnimationTabCiewControllerDemo.app; sourceTree = BUILT_PRODUCTS_DIR; };
		58DE55C223375BBE0041C73D /* AppDelegate.swift */ = {isa = PBXFileReference; lastKnownFileType = sourcecode.swift; path = AppDelegate.swift; sourceTree = "<group>"; };
		58DE55C423375BBE0041C73D /* SceneDelegate.swift */ = {isa = PBXFileReference; lastKnownFileType = sourcecode.swift; path = SceneDelegate.swift; sourceTree = "<group>"; };
		58DE55C623375BBE0041C73D /* ViewController.swift */ = {isa = PBXFileReference; lastKnownFileType = sourcecode.swift; path = ViewController.swift; sourceTree = "<group>"; };
		58DE55C923375BBE0041C73D /* Base */ = {isa = PBXFileReference; lastKnownFileType = file.storyboard; name = Base; path = Base.lproj/Main.storyboard; sourceTree = "<group>"; };
		58DE55CB23375BBF0041C73D /* Assets.xcassets */ = {isa = PBXFileReference; lastKnownFileType = folder.assetcatalog; path = Assets.xcassets; sourceTree = "<group>"; };
		58DE55CE23375BBF0041C73D /* Base */ = {isa = PBXFileReference; lastKnownFileType = file.storyboard; name = Base; path = Base.lproj/LaunchScreen.storyboard; sourceTree = "<group>"; };
		58DE55D023375BBF0041C73D /* Info.plist */ = {isa = PBXFileReference; lastKnownFileType = text.plist.xml; path = Info.plist; sourceTree = "<group>"; };
/* End PBXFileReference section */

/* Begin PBXFrameworksBuildPhase section */
		58DE55BC23375BBE0041C73D /* Frameworks */ = {
			isa = PBXFrameworksBuildPhase;
			buildActionMask = 2147483647;
			files = (
			);
			runOnlyForDeploymentPostprocessing = 0;
		};
/* End PBXFrameworksBuildPhase section */

/* Begin PBXGroup section */
		58DE55B623375BBE0041C73D = {
			isa = PBXGroup;
			children = (
				58DE55C123375BBE0041C73D /* AnimationTabCiewControllerDemo */,
				58DE55C023375BBE0041C73D /* Products */,
			);
			sourceTree = "<group>";
		};
		58DE55C023375BBE0041C73D /* Products */ = {
			isa = PBXGroup;
			children = (
				58DE55BF23375BBE0041C73D /* AnimationTabCiewControllerDemo.app */,
			);
			name = Products;
			sourceTree = "<group>";
		};
		58DE55C123375BBE0041C73D /* AnimationTabCiewControllerDemo */ = {
			isa = PBXGroup;
			children = (
				58DE55C223375BBE0041C73D /* AppDelegate.swift */,
				58DE55C423375BBE0041C73D /* SceneDelegate.swift */,
				58DE55C623375BBE0041C73D /* ViewController.swift */,
				58DE55C823375BBE0041C73D /* Main.storyboard */,
				58DE55CB23375BBF0041C73D /* Assets.xcassets */,
				58DE55CD23375BBF0041C73D /* LaunchScreen.storyboard */,
				58DE55D023375BBF0041C73D /* Info.plist */,
			);
			path = AnimationTabCiewControllerDemo;
			sourceTree = "<group>";
		};
/* End PBXGroup section */

/* Begin PBXNativeTarget section */
		58DE55BE23375BBE0041C73D /* AnimationTabCiewControllerDemo */ = {
			isa = PBXNativeTarget;
			buildConfigurationList = 58DE55D323375BBF0041C73D /* Build configuration list for PBXNativeTarget "AnimationTabCiewControllerDemo" */;
			buildPhases = (
				58DE55BB23375BBE0041C73D /* Sources */,
				58DE55BC23375BBE0041C73D /* Frameworks */,
				58DE55BD23375BBE0041C73D /* Resources */,
			);
			buildRules = (
			);
			dependencies = (
			);
			name = AnimationTabCiewControllerDemo;
			productName = AnimationTabCiewControllerDemo;
			productReference = 58DE55BF23375BBE0041C73D /* AnimationTabCiewControllerDemo.app */;
			productType = "com.apple.product-type.application";
		};
/* End PBXNativeTarget section */

/* Begin PBXProject section */
		58DE55B723375BBE0041C73D /* Project object */ = {
			isa = PBXProject;
			attributes = {
				LastSwiftUpdateCheck = 1100;
				LastUpgradeCheck = 1100;
				ORGANIZATIONNAME = Zark;
				TargetAttributes = {
					58DE55BE23375BBE0041C73D = {
						CreatedOnToolsVersion = 11.0;
					};
				};
			};
			buildConfigurationList = 58DE55BA23375BBE0041C73D /* Build configuration list for PBXProject "AnimationTabCiewControllerDemo" */;
			compatibilityVersion = "Xcode 9.3";
			developmentRegion = en;
			hasScannedForEncodings = 0;
			knownRegions = (
				en,
				Base,
			);
			mainGroup = 58DE55B623375BBE0041C73D;
			productRefGroup = 58DE55C023375BBE0041C73D /* Products */;
			projectDirPath = "";
			projectRoot = "";
			targets = (
				58DE55BE23375BBE0041C73D /* AnimationTabCiewControllerDemo */,
			);
		};
/* End PBXProject section */

/* Begin PBXResourcesBuildPhase section */
		58DE55BD23375BBE0041C73D /* Resources */ = {
			isa = PBXResourcesBuildPhase;
			buildActionMask = 2147483647;
			files = (
				58DE55CF23375BBF0041C73D /* LaunchScreen.storyboard in Resources */,
				58DE55CC23375BBF0041C73D /* Assets.xcassets in Resources */,
				58DE55CA23375BBE0041C73D /* Main.storyboard in Resources */,
			);
			runOnlyForDeploymentPostprocessing = 0;
		};
/* End PBXResourcesBuildPhase section */

/* Begin PBXSourcesBuildPhase section */
		58DE55BB23375BBE0041C73D /* Sources */ = {
			isa = PBXSourcesBuildPhase;
			buildActionMask = 2147483647;
			files = (
				58DE55C723375BBE0041C73D /* ViewController.swift in Sources */,
				58DE55C323375BBE0041C73D /* AppDelegate.swift in Sources */,
				58DE55C523375BBE0041C73D /* SceneDelegate.swift in Sources */,
			);
			runOnlyForDeploymentPostprocessing = 0;
		};
/* End PBXSourcesBuildPhase section */

/* Begin PBXVariantGroup section */
		58DE55C823375BBE0041C73D /* Main.storyboard */ = {
			isa = PBXVariantGroup;
			children = (
				58DE55C923375BBE0041C73D /* Base */,
			);
			name = Main.storyboard;
			sourceTree = "<group>";
		};
		58DE55CD23375BBF0041C73D /* LaunchScreen.storyboard */ = {
			isa = PBXVariantGroup;
			children = (
				58DE55CE23375BBF0041C73D /* Base */,
			);
			name = LaunchScreen.storyboard;
			sourceTree = "<group>";
		};
/* End PBXVariantGroup section */

/* Begin XCBuildConfiguration section */
		58DE55D123375BBF0041C73D /* Debug */ = {
			isa = XCBuildConfiguration;
			buildSettings = {
				ALWAYS_SEARCH_USER_PATHS = NO;
				CLANG_ANALYZER_NONNULL = YES;
				CLANG_ANALYZER_NUMBER_OBJECT_CONVERSION = YES_AGGRESSIVE;
				CLANG_CXX_LANGUAGE_STANDARD = "gnu++14";
				CLANG_CXX_LIBRARY = "libc++";
				CLANG_ENABLE_MODULES = YES;
				CLANG_ENABLE_OBJC_ARC = YES;
				CLANG_ENABLE_OBJC_WEAK = YES;
				CLANG_WARN_BLOCK_CAPTURE_AUTORELEASING = YES;
				CLANG_WARN_BOOL_CONVERSION = YES;
				CLANG_WARN_COMMA = YES;
				CLANG_WARN_CONSTANT_CONVERSION = YES;
				CLANG_WARN_DEPRECATED_OBJC_IMPLEMENTATIONS = YES;
				CLANG_WARN_DIRECT_OBJC_ISA_USAGE = YES_ERROR;
				CLANG_WARN_DOCUMENTATION_COMMENTS = YES;
				CLANG_WARN_EMPTY_BODY = YES;
				CLANG_WARN_ENUM_CONVERSION = YES;
				CLANG_WARN_INFINITE_RECURSION = YES;
				CLANG_WARN_INT_CONVERSION = YES;
				CLANG_WARN_NON_LITERAL_NULL_CONVERSION = YES;
				CLANG_WARN_OBJC_IMPLICIT_RETAIN_SELF = YES;
				CLANG_WARN_OBJC_LITERAL_CONVERSION = YES;
				CLANG_WARN_OBJC_ROOT_CLASS = YES_ERROR;
				CLANG_WARN_RANGE_LOOP_ANALYSIS = YES;
				CLANG_WARN_STRICT_PROTOTYPES = YES;
				CLANG_WARN_SUSPICIOUS_MOVE = YES;
				CLANG_WARN_UNGUARDED_AVAILABILITY = YES_AGGRESSIVE;
				CLANG_WARN_UNREACHABLE_CODE = YES;
				CLANG_WARN__DUPLICATE_METHOD_MATCH = YES;
				COPY_PHASE_STRIP = NO;
				DEBUG_INFORMATION_FORMAT = dwarf;
				ENABLE_STRICT_OBJC_MSGSEND = YES;
				ENABLE_TESTABILITY = YES;
				GCC_C_LANGUAGE_STANDARD = gnu11;
				GCC_DYNAMIC_NO_PIC = NO;
				GCC_NO_COMMON_BLOCKS = YES;
				GCC_OPTIMIZATION_LEVEL = 0;
				GCC_PREPROCESSOR_DEFINITIONS = (
					"DEBUG=1",
					"$(inherited)",
				);
				GCC_WARN_64_TO_32_BIT_CONVERSION = YES;
				GCC_WARN_ABOUT_RETURN_TYPE = YES_ERROR;
				GCC_WARN_UNDECLARED_SELECTOR = YES;
				GCC_WARN_UNINITIALIZED_AUTOS = YES_AGGRESSIVE;
				GCC_WARN_UNUSED_FUNCTION = YES;
				GCC_WARN_UNUSED_VARIABLE = YES;
				IPHONEOS_DEPLOYMENT_TARGET = 13.0;
				MTL_ENABLE_DEBUG_INFO = INCLUDE_SOURCE;
				MTL_FAST_MATH = YES;
				ONLY_ACTIVE_ARCH = YES;
				SDKROOT = iphoneos;
				SWIFT_ACTIVE_COMPILATION_CONDITIONS = DEBUG;
				SWIFT_OPTIMIZATION_LEVEL = "-Onone";
			};
			name = Debug;
		};
		58DE55D223375BBF0041C73D /* Release */ = {
			isa = XCBuildConfiguration;
			buildSettings = {
				ALWAYS_SEARCH_USER_PATHS = NO;
				CLANG_ANALYZER_NONNULL = YES;
				CLANG_ANALYZER_NUMBER_OBJECT_CONVERSION = YES_AGGRESSIVE;
				CLANG_CXX_LANGUAGE_STANDARD = "gnu++14";
				CLANG_CXX_LIBRARY = "libc++";
				CLANG_ENABLE_MODULES = YES;
				CLANG_ENABLE_OBJC_ARC = YES;
				CLANG_ENABLE_OBJC_WEAK = YES;
				CLANG_WARN_BLOCK_CAPTURE_AUTORELEASING = YES;
				CLANG_WARN_BOOL_CONVERSION = YES;
				CLANG_WARN_COMMA = YES;
				CLANG_WARN_CONSTANT_CONVERSION = YES;
				CLANG_WARN_DEPRECATED_OBJC_IMPLEMENTATIONS = YES;
				CLANG_WARN_DIRECT_OBJC_ISA_USAGE = YES_ERROR;
				CLANG_WARN_DOCUMENTATION_COMMENTS = YES;
				CLANG_WARN_EMPTY_BODY = YES;
				CLANG_WARN_ENUM_CONVERSION = YES;
				CLANG_WARN_INFINITE_RECURSION = YES;
				CLANG_WARN_INT_CONVERSION = YES;
				CLANG_WARN_NON_LITERAL_NULL_CONVERSION = YES;
				CLANG_WARN_OBJC_IMPLICIT_RETAIN_SELF = YES;
				CLANG_WARN_OBJC_LITERAL_CONVERSION = YES;
				CLANG_WARN_OBJC_ROOT_CLASS = YES_ERROR;
				CLANG_WARN_RANGE_LOOP_ANALYSIS = YES;
				CLANG_WARN_STRICT_PROTOTYPES = YES;
				CLANG_WARN_SUSPICIOUS_MOVE = YES;
				CLANG_WARN_UNGUARDED_AVAILABILITY = YES_AGGRESSIVE;
				CLANG_WARN_UNREACHABLE_CODE = YES;
				CLANG_WARN__DUPLICATE_METHOD_MATCH = YES;
				COPY_PHASE_STRIP = NO;
				DEBUG_INFORMATION_FORMAT = "dwarf-with-dsym";
				ENABLE_NS_ASSERTIONS = NO;
				ENABLE_STRICT_OBJC_MSGSEND = YES;
				GCC_C_LANGUAGE_STANDARD = gnu11;
				GCC_NO_COMMON_BLOCKS = YES;
				GCC_WARN_64_TO_32_BIT_CONVERSION = YES;
				GCC_WARN_ABOUT_RETURN_TYPE = YES_ERROR;
				GCC_WARN_UNDECLARED_SELECTOR = YES;
				GCC_WARN_UNINITIALIZED_AUTOS = YES_AGGRESSIVE;
				GCC_WARN_UNUSED_FUNCTION = YES;
				GCC_WARN_UNUSED_VARIABLE = YES;
				IPHONEOS_DEPLOYMENT_TARGET = 13.0;
				MTL_ENABLE_DEBUG_INFO = NO;
				MTL_FAST_MATH = YES;
				SDKROOT = iphoneos;
				SWIFT_COMPILATION_MODE = wholemodule;
				SWIFT_OPTIMIZATION_LEVEL = "-O";
				VALIDATE_PRODUCT = YES;
			};
			name = Release;
		};
		58DE55D423375BBF0041C73D /* Debug */ = {
			isa = XCBuildConfiguration;
			buildSettings = {
				ASSETCATALOG_COMPILER_APPICON_NAME = AppIcon;
				CODE_SIGN_STYLE = Automatic;
				DEVELOPMENT_TEAM = 76X28RC49S;
				INFOPLIST_FILE = AnimationTabCiewControllerDemo/Info.plist;
				LD_RUNPATH_SEARCH_PATHS = (
					"$(inherited)",
					"@executable_path/Frameworks",
				);
				PRODUCT_BUNDLE_IDENTIFIER = com.nmbtech.AnimationTabCiewControllerDemo;
				PRODUCT_NAME = "$(TARGET_NAME)";
				SWIFT_VERSION = 5.0;
				TARGETED_DEVICE_FAMILY = "1,2";
			};
			name = Debug;
		};
		58DE55D523375BBF0041C73D /* Release */ = {
			isa = XCBuildConfiguration;
			buildSettings = {
				ASSETCATALOG_COMPILER_APPICON_NAME = AppIcon;
				CODE_SIGN_STYLE = Automatic;
				DEVELOPMENT_TEAM = 76X28RC49S;
				INFOPLIST_FILE = AnimationTabCiewControllerDemo/Info.plist;
				LD_RUNPATH_SEARCH_PATHS = (
					"$(inherited)",
					"@executable_path/Frameworks",
				);
				PRODUCT_BUNDLE_IDENTIFIER = com.nmbtech.AnimationTabCiewControllerDemo;
				PRODUCT_NAME = "$(TARGET_NAME)";
				SWIFT_VERSION = 5.0;
				TARGETED_DEVICE_FAMILY = "1,2";
			};
			name = Release;
		};
/* End XCBuildConfiguration section */

/* Begin XCConfigurationList section */
		58DE55BA23375BBE0041C73D /* Build configuration list for PBXProject "AnimationTabCiewControllerDemo" */ = {
			isa = XCConfigurationList;
			buildConfigurations = (
				58DE55D123375BBF0041C73D /* Debug */,
				58DE55D223375BBF0041C73D /* Release */,
			);
			defaultConfigurationIsVisible = 0;
			defaultConfigurationName = Release;
		};
		58DE55D323375BBF0041C73D /* Build configuration list for PBXNativeTarget "AnimationTabCiewControllerDemo" */ = {
			isa = XCConfigurationList;
			buildConfigurations = (
				58DE55D423375BBF0041C73D /* Debug */,
				58DE55D523375BBF0041C73D /* Release */,
			);
			defaultConfigurationIsVisible = 0;
			defaultConfigurationName = Release;
		};
/* End XCConfigurationList section */
	};
	rootObject = 58DE55B723375BBE0041C73D /* Project object */;
}
